
Microsoft Visual Studio Solution File, Format Version 12.00
# Visual Studio Version 16
VisualStudioVersion = 16.0.31129.286
MinimumVisualStudioVersion = 10.0.40219.1
Project("{FAE04EC0-301F-11D3-BF4B-00C04F79EFBC}") = "log", "log.csproj", "{33AFE9C8-E4BC-4A33-8D8B-0C1D943441C3}"
EndProject
Global
	GlobalSection(SolutionConfigurationPlatforms) = preSolution
		Debug|Any CPU = Debug|Any CPU
		Release|Any CPU = Release|Any CPU
	EndGlobalSection
	GlobalSection(ProjectConfigurationPlatforms) = postSolution
		{33AFE9C8-E4BC-4A33-8D8B-0C1D943441C3}.Debug|Any CPU.ActiveCfg = Debug|Any CPU
		{33AFE9C8-E4BC-4A33-8D8B-0C1D943441C3}.Debug|Any CPU.Build.0 = Debug|Any CPU
		{33AFE9C8-E4BC-4A33-8D8B-0C1D943441C3}.Release|Any CPU.ActiveCfg = Release|Any CPU
		{33AFE9C8-E4BC-4A33-8D8B-0C1D943441C3}.Release|Any CPU.Build.0 = Release|Any CPU
	EndGlobalSection
	GlobalSection(SolutionProperties) = preSolution
		HideSolutionNode = FALSE
	EndGlobalSection
	GlobalSection(ExtensibilityGlobals) = postSolution
		SolutionGuid = {006F7A68-DA58-4E4D-912E-64BBA9537FEC}
	EndGlobalSection
EndGlobal
